{
  "lockfileVersion": 1,
  "configVersion": 1,
  "workspaces": {
    "": {
      "name": "analytics-plugin-rewardful",
      "devDependencies": {
        "@types/node": "^20.0.0",
        "typescript": "^5.3.3",
      },
      "peerDependencies": {
        "analytics": ">=0.7.3",
      },
    },
  },
  "packages": {
    "@analytics/cookie-utils": ["@analytics/cookie-utils@0.2.14", "", { "dependencies": { "@analytics/global-storage-utils": "^0.1.9" } }, "sha512-x51x2cLqvP5Fb1ydgNvTCX+SVv0ALK/yTNwp/53++yk4kLhxb850krWtQ4aASN0612oXrIGotwfmdJIttnLiPQ=="],

    "@analytics/core": ["@analytics/core@0.13.2", "", { "dependencies": { "@analytics/global-storage-utils": "^0.1.9", "@analytics/type-utils": "^0.6.4", "analytics-utils": "^1.1.1" } }, "sha512-ejvfoPP8TEh2hA2szMEq9c4TdeX8FAeY1j/7MxJVZjzDaq8BDHOyaAAQzTFiLMHvV0WcU2YC0smJ5Ids5Ll5ng=="],

    "@analytics/global-storage-utils": ["@analytics/global-storage-utils@0.1.9", "", { "dependencies": { "@analytics/type-utils": "^0.6.4" } }, "sha512-+xm6CDnWsVOQIKkqbPRPRdYDXKk3PNgr/bCZWSI+7tEDT5PCDgI0QSBZe+FqCVkCRtTkgOrjFOY7wOM8Gq+ndA=="],

    "@analytics/localstorage-utils": ["@analytics/localstorage-utils@0.1.12", "", { "dependencies": { "@analytics/global-storage-utils": "^0.1.9" } }, "sha512-BL3vuZUwWgMqdkQsE0GKsED5SPLC6daI4K4LE0a/BkKv+4Cae5JLLqpO5gju2HUGOjJxIvw8U/G5EcglNY5+1w=="],

    "@analytics/session-storage-utils": ["@analytics/session-storage-utils@0.0.9", "", { "dependencies": { "@analytics/global-storage-utils": "^0.1.9" } }, "sha512-fhP9QCpyq45rZKsXaAxyz+VTmOUWljIW08CWSkFzpwOHkDM4Xy5tymc1YcWqSBBaLjHldo3HlY4qfqEIS4Aj1A=="],

    "@analytics/storage-utils": ["@analytics/storage-utils@0.4.4", "", { "dependencies": { "@analytics/cookie-utils": "^0.2.14", "@analytics/global-storage-utils": "^0.1.9", "@analytics/localstorage-utils": "^0.1.12", "@analytics/session-storage-utils": "^0.0.9", "@analytics/type-utils": "^0.6.4" } }, "sha512-873P4wDIunbOnBqADc2AhTVsLbluUv1dP6k9UrK8FIeV8WXv5+fG12HdwwaniUIxq6QLgZJfKEaCwtWSKrrV0g=="],

    "@analytics/type-utils": ["@analytics/type-utils@0.6.4", "", {}, "sha512-Ou1gQxFakOWLcPnbFVsrPb8g1wLLUZYYJXDPjHkG07+5mustGs5yqACx42UAu4A6NszNN6Z5gGxhyH45zPWRxw=="],

    "@types/dlv": ["@types/dlv@1.1.5", "", {}, "sha512-JHOWNfiWepAhfwlSw17kiWrWrk6od2dEQgHltJw9AS0JPFoLZJBge5+Dnil2NfdjAvJ/+vGSX60/BRW20PpUXw=="],

    "@types/node": ["@types/node@20.19.25", "", { "dependencies": { "undici-types": "~6.21.0" } }, "sha512-ZsJzA5thDQMSQO788d7IocwwQbI8B5OPzmqNvpf3NY/+MHDAS759Wo0gd2WQeXYt5AAAQjzcrTVC6SKCuYgoCQ=="],

    "analytics": ["analytics@0.8.19", "", { "dependencies": { "@analytics/core": "^0.13.2", "@analytics/storage-utils": "^0.4.4" } }, "sha512-JFgasxpWFiAoqm5UHaGQv9j9OGz+f1KAeQkABYr3Z7YGhiqhQrBpPhIVAIEyttBRJZmew1QwMhN9/bOGGBnpJA=="],

    "analytics-utils": ["analytics-utils@1.1.1", "", { "dependencies": { "@analytics/type-utils": "^0.6.4", "dlv": "^1.1.3" }, "peerDependencies": { "@types/dlv": "^1.0.0" } }, "sha512-nRybjTpRAcHVhWb1cvYaOLJaI3R79r8XjMbu5c0wd2jKmANNqSrYwybiU0X3mp+CQQdm4YiAggTXb2cIA8XhUg=="],

    "dlv": ["dlv@1.1.3", "", {}, "sha512-+HlytyjlPKnIG8XuRG8WvmBP8xs8P71y+SKKS6ZXWoEgLuePxtDoUEiH7WkdePWrQ5JBpE6aoVqfZfJUQkjXwA=="],

    "typescript": ["typescript@5.9.3", "", { "bin": { "tsc": "bin/tsc", "tsserver": "bin/tsserver" } }, "sha512-jl1vZzPDinLr9eUt3J/t7V6FgNEw9QjvBPdysz9KfQDD41fQrC2Y4vKQdiaUpFT4bXlb1RHhLpp8wtm6M5TgSw=="],

    "undici-types": ["undici-types@6.21.0", "", {}, "sha512-iwDZqg0QAGrg9Rav5H4n0M64c3mkR59cJ6wQp+7C4nI0gsmExaedaYLNO44eT4AtBBwjbTiGPMlt2Md0T9H9JQ=="],
  }
}
